
Microsoft Visual Studio Solution File, Format Version 12.00
# Visual Studio 15
VisualStudioVersion = 15.0.28307.168
MinimumVisualStudioVersion = 10.0.40219.1
Project("{FAE04EC0-301F-11D3-BF4B-00C04F79EFBC}") = "WebApi", "Backend\WebApi.csproj", "{61062C72-8749-43FC-BB81-ADF25526CF0B}"
EndProject
Project("{FAE04EC0-301F-11D3-BF4B-00C04F79EFBC}") = "Tests", "Tests\Tests.csproj", "{B96C0233-7301-4091-B42B-2E29A26C3ECA}"
EndProject
Project("{FAE04EC0-301F-11D3-BF4B-00C04F79EFBC}") = "Core", "Core\Core.csproj", "{9354D291-FB42-47E5-B261-7624AC9F61C6}"
EndProject
Global
	GlobalSection(SolutionConfigurationPlatforms) = preSolution
		Debug|Any CPU = Debug|Any CPU
		Release|Any CPU = Release|Any CPU
	EndGlobalSection
	GlobalSection(ProjectConfigurationPlatforms) = postSolution
		{61062C72-8749-43FC-BB81-ADF25526CF0B}.Debug|Any CPU.ActiveCfg = Debug|Any CPU
		{61062C72-8749-43FC-BB81-ADF25526CF0B}.Debug|Any CPU.Build.0 = Debug|Any CPU
		{61062C72-8749-43FC-BB81-ADF25526CF0B}.Release|Any CPU.ActiveCfg = Release|Any CPU
		{61062C72-8749-43FC-BB81-ADF25526CF0B}.Release|Any CPU.Build.0 = Release|Any CPU
		{B96C0233-7301-4091-B42B-2E29A26C3ECA}.Debug|Any CPU.ActiveCfg = Debug|Any CPU
		{B96C0233-7301-4091-B42B-2E29A26C3ECA}.Debug|Any CPU.Build.0 = Debug|Any CPU
		{B96C0233-7301-4091-B42B-2E29A26C3ECA}.Release|Any CPU.ActiveCfg = Release|Any CPU
		{B96C0233-7301-4091-B42B-2E29A26C3ECA}.Release|Any CPU.Build.0 = Release|Any CPU
		{9354D291-FB42-47E5-B261-7624AC9F61C6}.Debug|Any CPU.ActiveCfg = Debug|Any CPU
		{9354D291-FB42-47E5-B261-7624AC9F61C6}.Debug|Any CPU.Build.0 = Debug|Any CPU
		{9354D291-FB42-47E5-B261-7624AC9F61C6}.Release|Any CPU.ActiveCfg = Release|Any CPU
		{9354D291-FB42-47E5-B261-7624AC9F61C6}.Release|Any CPU.Build.0 = Release|Any CPU
	EndGlobalSection
	GlobalSection(SolutionProperties) = preSolution
		HideSolutionNode = FALSE
	EndGlobalSection
	GlobalSection(ExtensibilityGlobals) = postSolution
		SolutionGuid = {0D51742E-5111-4990-947D-3ADFEDDE0024}
	EndGlobalSection
EndGlobal
